
Microsoft Visual Studio Solution File, Format Version 12.00
# Visual Studio Version 17
VisualStudioVersion = 17.8.34511.84
MinimumVisualStudioVersion = 10.0.40219.1
Project("{FAE04EC0-301F-11D3-BF4B-00C04F79EFBC}") = "Week5", "Week5\Week5.csproj", "{2468847E-C61F-4212-B1E1-CC5EEF17CB77}"
EndProject
Project("{FAE04EC0-301F-11D3-BF4B-00C04F79EFBC}") = "ANDoperator", "ANDoperator\ANDoperator.csproj", "{C69F8514-D846-4F42-936D-A67043EC752C}"
EndProject
Project("{FAE04EC0-301F-11D3-BF4B-00C04F79EFBC}") = "ORoperator", "ORoperator\ORoperator.csproj", "{0527A801-0968-4AE1-88D3-95D215345A7B}"
EndProject
Project("{FAE04EC0-301F-11D3-BF4B-00C04F79EFBC}") = "ANDRanges", "ANDRanges\ANDRanges.csproj", "{379E7C30-D059-4525-A6FD-923E90614BDF}"
EndProject
Global
	GlobalSection(SolutionConfigurationPlatforms) = preSolution
		Debug|Any CPU = Debug|Any CPU
		Release|Any CPU = Release|Any CPU
	EndGlobalSection
	GlobalSection(ProjectConfigurationPlatforms) = postSolution
		{2468847E-C61F-4212-B1E1-CC5EEF17CB77}.Debug|Any CPU.ActiveCfg = Debug|Any CPU
		{2468847E-C61F-4212-B1E1-CC5EEF17CB77}.Debug|Any CPU.Build.0 = Debug|Any CPU
		{2468847E-C61F-4212-B1E1-CC5EEF17CB77}.Release|Any CPU.ActiveCfg = Release|Any CPU
		{2468847E-C61F-4212-B1E1-CC5EEF17CB77}.Release|Any CPU.Build.0 = Release|Any CPU
		{C69F8514-D846-4F42-936D-A67043EC752C}.Debug|Any CPU.ActiveCfg = Debug|Any CPU
		{C69F8514-D846-4F42-936D-A67043EC752C}.Debug|Any CPU.Build.0 = Debug|Any CPU
		{C69F8514-D846-4F42-936D-A67043EC752C}.Release|Any CPU.ActiveCfg = Release|Any CPU
		{C69F8514-D846-4F42-936D-A67043EC752C}.Release|Any CPU.Build.0 = Release|Any CPU
		{0527A801-0968-4AE1-88D3-95D215345A7B}.Debug|Any CPU.ActiveCfg = Debug|Any CPU
		{0527A801-0968-4AE1-88D3-95D215345A7B}.Debug|Any CPU.Build.0 = Debug|Any CPU
		{0527A801-0968-4AE1-88D3-95D215345A7B}.Release|Any CPU.ActiveCfg = Release|Any CPU
		{0527A801-0968-4AE1-88D3-95D215345A7B}.Release|Any CPU.Build.0 = Release|Any CPU
		{379E7C30-D059-4525-A6FD-923E90614BDF}.Debug|Any CPU.ActiveCfg = Debug|Any CPU
		{379E7C30-D059-4525-A6FD-923E90614BDF}.Debug|Any CPU.Build.0 = Debug|Any CPU
		{379E7C30-D059-4525-A6FD-923E90614BDF}.Release|Any CPU.ActiveCfg = Release|Any CPU
		{379E7C30-D059-4525-A6FD-923E90614BDF}.Release|Any CPU.Build.0 = Release|Any CPU
	EndGlobalSection
	GlobalSection(SolutionProperties) = preSolution
		HideSolutionNode = FALSE
	EndGlobalSection
	GlobalSection(ExtensibilityGlobals) = postSolution
		SolutionGuid = {AD034CAC-8697-4BC3-AC5A-61372401189F}
	EndGlobalSection
EndGlobal
